
Microsoft Visual Studio Solution File, Format Version 12.00
# Visual Studio Version 16
VisualStudioVersion = 16.0.29503.13
MinimumVisualStudioVersion = 10.0.40219.1
Project("{FAE04EC0-301F-11D3-BF4B-00C04F79EFBC}") = "WpfApp2", "WpfApp2.csproj", "{4E6E991E-B3F1-4776-8A9E-88609F94070B}"
EndProject
Global
	GlobalSection(SolutionConfigurationPlatforms) = preSolution
		Debug|Any CPU = Debug|Any CPU
		Release|Any CPU = Release|Any CPU
	EndGlobalSection
	GlobalSection(ProjectConfigurationPlatforms) = postSolution
		{4E6E991E-B3F1-4776-8A9E-88609F94070B}.Debug|Any CPU.ActiveCfg = Debug|Any CPU
		{4E6E991E-B3F1-4776-8A9E-88609F94070B}.Debug|Any CPU.Build.0 = Debug|Any CPU
		{4E6E991E-B3F1-4776-8A9E-88609F94070B}.Release|Any CPU.ActiveCfg = Release|Any CPU
		{4E6E991E-B3F1-4776-8A9E-88609F94070B}.Release|Any CPU.Build.0 = Release|Any CPU
	EndGlobalSection
	GlobalSection(SolutionProperties) = preSolution
		HideSolutionNode = FALSE
	EndGlobalSection
	GlobalSection(ExtensibilityGlobals) = postSolution
		SolutionGuid = {D0539392-F026-4420-8946-0C9514CC6CE7}
	EndGlobalSection
EndGlobal
